
Microsoft Visual Studio Solution File, Format Version 12.00
# Visual Studio Version 16
VisualStudioVersion = 16.0.31702.278
MinimumVisualStudioVersion = 10.0.40219.1
Project("{FAE04EC0-301F-11D3-BF4B-00C04F79EFBC}") = "AarInXamarin7", "AarInXamarin7\AarInXamarin7.csproj", "{286BBACD-382E-43D8-AC63-92B19A29E716}"
EndProject
Global
	GlobalSection(SolutionConfigurationPlatforms) = preSolution
		Debug|Any CPU = Debug|Any CPU
		Release|Any CPU = Release|Any CPU
	EndGlobalSection
	GlobalSection(ProjectConfigurationPlatforms) = postSolution
		{286BBACD-382E-43D8-AC63-92B19A29E716}.Debug|Any CPU.ActiveCfg = Debug|Any CPU
		{286BBACD-382E-43D8-AC63-92B19A29E716}.Debug|Any CPU.Build.0 = Debug|Any CPU
		{286BBACD-382E-43D8-AC63-92B19A29E716}.Release|Any CPU.ActiveCfg = Release|Any CPU
		{286BBACD-382E-43D8-AC63-92B19A29E716}.Release|Any CPU.Build.0 = Release|Any CPU
	EndGlobalSection
	GlobalSection(SolutionProperties) = preSolution
		HideSolutionNode = FALSE
	EndGlobalSection
	GlobalSection(ExtensibilityGlobals) = postSolution
		SolutionGuid = {E47DA6C8-A185-4D89-BD3F-1601167F0FB0}
	EndGlobalSection
EndGlobal
